// !$*UTF8*$!
{
	archiveVersion = 1;
	classes = {
	};
	objectVersion = 50;
	objects = {

/* Begin PBXBuildFile section */
		C204C1A6270E11D7003FB2F9 /* OrderViewController.swift in Sources */ = {isa = PBXBuildFile; fileRef = C204C1A5270E11D7003FB2F9 /* OrderViewController.swift */; };
		C2CBCEBF270E08AB00EB30DD /* AppDelegate.swift in Sources */ = {isa = PBXBuildFile; fileRef = C2CBCEBE270E08AB00EB30DD /* AppDelegate.swift */; };
		C2CBCEC1270E08AB00EB30DD /* SceneDelegate.swift in Sources */ = {isa = PBXBuildFile; fileRef = C2CBCEC0270E08AB00EB30DD /* SceneDelegate.swift */; };
		C2CBCEC3270E08AB00EB30DD /* ViewController.swift in Sources */ = {isa = PBXBuildFile; fileRef = C2CBCEC2270E08AB00EB30DD /* ViewController.swift */; };
		C2CBCEC6270E08AB00EB30DD /* Main.storyboard in Resources */ = {isa = PBXBuildFile; fileRef = C2CBCEC4270E08AB00EB30DD /* Main.storyboard */; };
		C2CBCEC9270E08AB00EB30DD /* WalterMichael_HW5.xcdatamodeld in Sources */ = {isa = PBXBuildFile; fileRef = C2CBCEC7270E08AB00EB30DD /* WalterMichael_HW5.xcdatamodeld */; };
		C2CBCECB270E08B200EB30DD /* Assets.xcassets in Resources */ = {isa = PBXBuildFile; fileRef = C2CBCECA270E08B200EB30DD /* Assets.xcassets */; };
		C2CBCECE270E08B200EB30DD /* LaunchScreen.storyboard in Resources */ = {isa = PBXBuildFile; fileRef = C2CBCECC270E08B200EB30DD /* LaunchScreen.storyboard */; };
		C2CBCED9270E08B200EB30DD /* WalterMichael_HW5Tests.swift in Sources */ = {isa = PBXBuildFile; fileRef = C2CBCED8270E08B200EB30DD /* WalterMichael_HW5Tests.swift */; };
		C2CBCEE4270E08B200EB30DD /* WalterMichael_HW5UITests.swift in Sources */ = {isa = PBXBuildFile; fileRef = C2CBCEE3270E08B200EB30DD /* WalterMichael_HW5UITests.swift */; };
/* End PBXBuildFile section */

/* Begin PBXContainerItemProxy section */
		C2CBCED5270E08B200EB30DD /* PBXContainerItemProxy */ = {
			isa = PBXContainerItemProxy;
			containerPortal = C2CBCEB3270E08AB00EB30DD /* Project object */;
			proxyType = 1;
			remoteGlobalIDString = C2CBCEBA270E08AB00EB30DD;
			remoteInfo = "WalterMichael-HW5";
		};
		C2CBCEE0270E08B200EB30DD /* PBXContainerItemProxy */ = {
			isa = PBXContainerItemProxy;
			containerPortal = C2CBCEB3270E08AB00EB30DD /* Project object */;
			proxyType = 1;
			remoteGlobalIDString = C2CBCEBA270E08AB00EB30DD;
			remoteInfo = "WalterMichael-HW5";
		};
/* End PBXContainerItemProxy section */

/* Begin PBXFileReference section */
		C204C1A5270E11D7003FB2F9 /* OrderViewController.swift */ = {isa = PBXFileReference; lastKnownFileType = sourcecode.swift; path = OrderViewController.swift; sourceTree = "<group>"; };
		C2CBCEBB270E08AB00EB30DD /* WalterMichael-HW5.app */ = {isa = PBXFileReference; explicitFileType = wrapper.application; includeInIndex = 0; path = "WalterMichael-HW5.app"; sourceTree = BUILT_PRODUCTS_DIR; };
		C2CBCEBE270E08AB00EB30DD /* AppDelegate.swift */ = {isa = PBXFileReference; lastKnownFileType = sourcecode.swift; path = AppDelegate.swift; sourceTree = "<group>"; };
		C2CBCEC0270E08AB00EB30DD /* SceneDelegate.swift */ = {isa = PBXFileReference; lastKnownFileType = sourcecode.swift; path = SceneDelegate.swift; sourceTree = "<group>"; };
		C2CBCEC2270E08AB00EB30DD /* ViewController.swift */ = {isa = PBXFileReference; lastKnownFileType = sourcecode.swift; path = ViewController.swift; sourceTree = "<group>"; };
		C2CBCEC5270E08AB00EB30DD /* Base */ = {isa = PBXFileReference; lastKnownFileType = file.storyboard; name = Base; path = Base.lproj/Main.storyboard; sourceTree = "<group>"; };
		C2CBCEC8270E08AB00EB30DD /* WalterMichael_HW5.xcdatamodel */ = {isa = PBXFileReference; lastKnownFileType = wrapper.xcdatamodel; path = WalterMichael_HW5.xcdatamodel; sourceTree = "<group>"; };
		C2CBCECA270E08B200EB30DD /* Assets.xcassets */ = {isa = PBXFileReference; lastKnownFileType = folder.assetcatalog; path = Assets.xcassets; sourceTree = "<group>"; };
		C2CBCECD270E08B200EB30DD /* Base */ = {isa = PBXFileReference; lastKnownFileType = file.storyboard; name = Base; path = Base.lproj/LaunchScreen.storyboard; sourceTree = "<group>"; };
		C2CBCECF270E08B200EB30DD /* Info.plist */ = {isa = PBXFileReference; lastKnownFileType = text.plist.xml; path = Info.plist; sourceTree = "<group>"; };
		C2CBCED4270E08B200EB30DD /* WalterMichael-HW5Tests.xctest */ = {isa = PBXFileReference; explicitFileType = wrapper.cfbundle; includeInIndex = 0; path = "WalterMichael-HW5Tests.xctest"; sourceTree = BUILT_PRODUCTS_DIR; };
		C2CBCED8270E08B200EB30DD /* WalterMichael_HW5Tests.swift */ = {isa = PBXFileReference; lastKnownFileType = sourcecode.swift; path = WalterMichael_HW5Tests.swift; sourceTree = "<group>"; };
		C2CBCEDA270E08B200EB30DD /* Info.plist */ = {isa = PBXFileReference; lastKnownFileType = text.plist.xml; path = Info.plist; sourceTree = "<group>"; };
		C2CBCEDF270E08B200EB30DD /* WalterMichael-HW5UITests.xctest */ = {isa = PBXFileReference; explicitFileType = wrapper.cfbundle; includeInIndex = 0; path = "WalterMichael-HW5UITests.xctest"; sourceTree = BUILT_PRODUCTS_DIR; };
		C2CBCEE3270E08B200EB30DD /* WalterMichael_HW5UITests.swift */ = {isa = PBXFileReference; lastKnownFileType = sourcecode.swift; path = WalterMichael_HW5UITests.swift; sourceTree = "<group>"; };
		C2CBCEE5270E08B200EB30DD /* Info.plist */ = {isa = PBXFileReference; lastKnownFileType = text.plist.xml; path = Info.plist; sourceTree = "<group>"; };
/* End PBXFileReference section */

/* Begin PBXFrameworksBuildPhase section */
		C2CBCEB8270E08AB00EB30DD /* Frameworks */ = {
			isa = PBXFrameworksBuildPhase;
			buildActionMask = 2147483647;
			files = (
			);
			runOnlyForDeploymentPostprocessing = 0;
		};
		C2CBCED1270E08B200EB30DD /* Frameworks */ = {
			isa = PBXFrameworksBuildPhase;
			buildActionMask = 2147483647;
			files = (
			);
			runOnlyForDeploymentPostprocessing = 0;
		};
		C2CBCEDC270E08B200EB30DD /* Frameworks */ = {
			isa = PBXFrameworksBuildPhase;
			buildActionMask = 2147483647;
			files = (
			);
			runOnlyForDeploymentPostprocessing = 0;
		};
/* End PBXFrameworksBuildPhase section */

/* Begin PBXGroup section */
		C2CBCEB2270E08AB00EB30DD = {
			isa = PBXGroup;
			children = (
				C2CBCEBD270E08AB00EB30DD /* WalterMichael-HW5 */,
				C2CBCED7270E08B200EB30DD /* WalterMichael-HW5Tests */,
				C2CBCEE2270E08B200EB30DD /* WalterMichael-HW5UITests */,
				C2CBCEBC270E08AB00EB30DD /* Products */,
			);
			sourceTree = "<group>";
		};
		C2CBCEBC270E08AB00EB30DD /* Products */ = {
			isa = PBXGroup;
			children = (
				C2CBCEBB270E08AB00EB30DD /* WalterMichael-HW5.app */,
				C2CBCED4270E08B200EB30DD /* WalterMichael-HW5Tests.xctest */,
				C2CBCEDF270E08B200EB30DD /* WalterMichael-HW5UITests.xctest */,
			);
			name = Products;
			sourceTree = "<group>";
		};
		C2CBCEBD270E08AB00EB30DD /* WalterMichael-HW5 */ = {
			isa = PBXGroup;
			children = (
				C2CBCEBE270E08AB00EB30DD /* AppDelegate.swift */,
				C2CBCEC0270E08AB00EB30DD /* SceneDelegate.swift */,
				C2CBCEC2270E08AB00EB30DD /* ViewController.swift */,
				C2CBCEC4270E08AB00EB30DD /* Main.storyboard */,
				C204C1A5270E11D7003FB2F9 /* OrderViewController.swift */,
				C2CBCECA270E08B200EB30DD /* Assets.xcassets */,
				C2CBCECC270E08B200EB30DD /* LaunchScreen.storyboard */,
				C2CBCECF270E08B200EB30DD /* Info.plist */,
				C2CBCEC7270E08AB00EB30DD /* WalterMichael_HW5.xcdatamodeld */,
			);
			path = "WalterMichael-HW5";
			sourceTree = "<group>";
		};
		C2CBCED7270E08B200EB30DD /* WalterMichael-HW5Tests */ = {
			isa = PBXGroup;
			children = (
				C2CBCED8270E08B200EB30DD /* WalterMichael_HW5Tests.swift */,
				C2CBCEDA270E08B200EB30DD /* Info.plist */,
			);
			path = "WalterMichael-HW5Tests";
			sourceTree = "<group>";
		};
		C2CBCEE2270E08B200EB30DD /* WalterMichael-HW5UITests */ = {
			isa = PBXGroup;
			children = (
				C2CBCEE3270E08B200EB30DD /* WalterMichael_HW5UITests.swift */,
				C2CBCEE5270E08B200EB30DD /* Info.plist */,
			);
			path = "WalterMichael-HW5UITests";
			sourceTree = "<group>";
		};
/* End PBXGroup section */

/* Begin PBXNativeTarget section */
		C2CBCEBA270E08AB00EB30DD /* WalterMichael-HW5 */ = {
			isa = PBXNativeTarget;
			buildConfigurationList = C2CBCEE8270E08B200EB30DD /* Build configuration list for PBXNativeTarget "WalterMichael-HW5" */;
			buildPhases = (
				C2CBCEB7270E08AB00EB30DD /* Sources */,
				C2CBCEB8270E08AB00EB30DD /* Frameworks */,
				C2CBCEB9270E08AB00EB30DD /* Resources */,
			);
			buildRules = (
			);
			dependencies = (
			);
			name = "WalterMichael-HW5";
			productName = "WalterMichael-HW5";
			productReference = C2CBCEBB270E08AB00EB30DD /* WalterMichael-HW5.app */;
			productType = "com.apple.product-type.application";
		};
		C2CBCED3270E08B200EB30DD /* WalterMichael-HW5Tests */ = {
			isa = PBXNativeTarget;
			buildConfigurationList = C2CBCEEB270E08B200EB30DD /* Build configuration list for PBXNativeTarget "WalterMichael-HW5Tests" */;
			buildPhases = (
				C2CBCED0270E08B200EB30DD /* Sources */,
				C2CBCED1270E08B200EB30DD /* Frameworks */,
				C2CBCED2270E08B200EB30DD /* Resources */,
			);
			buildRules = (
			);
			dependencies = (
				C2CBCED6270E08B200EB30DD /* PBXTargetDependency */,
			);
			name = "WalterMichael-HW5Tests";
			productName = "WalterMichael-HW5Tests";
			productReference = C2CBCED4270E08B200EB30DD /* WalterMichael-HW5Tests.xctest */;
			productType = "com.apple.product-type.bundle.unit-test";
		};
		C2CBCEDE270E08B200EB30DD /* WalterMichael-HW5UITests */ = {
			isa = PBXNativeTarget;
			buildConfigurationList = C2CBCEEE270E08B200EB30DD /* Build configuration list for PBXNativeTarget "WalterMichael-HW5UITests" */;
			buildPhases = (
				C2CBCEDB270E08B200EB30DD /* Sources */,
				C2CBCEDC270E08B200EB30DD /* Frameworks */,
				C2CBCEDD270E08B200EB30DD /* Resources */,
			);
			buildRules = (
			);
			dependencies = (
				C2CBCEE1270E08B200EB30DD /* PBXTargetDependency */,
			);
			name = "WalterMichael-HW5UITests";
			productName = "WalterMichael-HW5UITests";
			productReference = C2CBCEDF270E08B200EB30DD /* WalterMichael-HW5UITests.xctest */;
			productType = "com.apple.product-type.bundle.ui-testing";
		};
/* End PBXNativeTarget section */

/* Begin PBXProject section */
		C2CBCEB3270E08AB00EB30DD /* Project object */ = {
			isa = PBXProject;
			attributes = {
				LastSwiftUpdateCheck = 1250;
				LastUpgradeCheck = 1250;
				TargetAttributes = {
					C2CBCEBA270E08AB00EB30DD = {
						CreatedOnToolsVersion = 12.5.1;
					};
					C2CBCED3270E08B200EB30DD = {
						CreatedOnToolsVersion = 12.5.1;
						TestTargetID = C2CBCEBA270E08AB00EB30DD;
					};
					C2CBCEDE270E08B200EB30DD = {
						CreatedOnToolsVersion = 12.5.1;
						TestTargetID = C2CBCEBA270E08AB00EB30DD;
					};
				};
			};
			buildConfigurationList = C2CBCEB6270E08AB00EB30DD /* Build configuration list for PBXProject "WalterMichael-HW5" */;
			compatibilityVersion = "Xcode 9.3";
			developmentRegion = en;
			hasScannedForEncodings = 0;
			knownRegions = (
				en,
				Base,
			);
			mainGroup = C2CBCEB2270E08AB00EB30DD;
			productRefGroup = C2CBCEBC270E08AB00EB30DD /* Products */;
			projectDirPath = "";
			projectRoot = "";
			targets = (
				C2CBCEBA270E08AB00EB30DD /* WalterMichael-HW5 */,
				C2CBCED3270E08B200EB30DD /* WalterMichael-HW5Tests */,
				C2CBCEDE270E08B200EB30DD /* WalterMichael-HW5UITests */,
			);
		};
/* End PBXProject section */

/* Begin PBXResourcesBuildPhase section */
		C2CBCEB9270E08AB00EB30DD /* Resources */ = {
			isa = PBXResourcesBuildPhase;
			buildActionMask = 2147483647;
			files = (
				C2CBCECE270E08B200EB30DD /* LaunchScreen.storyboard in Resources */,
				C2CBCECB270E08B200EB30DD /* Assets.xcassets in Resources */,
				C2CBCEC6270E08AB00EB30DD /* Main.storyboard in Resources */,
			);
			runOnlyForDeploymentPostprocessing = 0;
		};
		C2CBCED2270E08B200EB30DD /* Resources */ = {
			isa = PBXResourcesBuildPhase;
			buildActionMask = 2147483647;
			files = (
			);
			runOnlyForDeploymentPostprocessing = 0;
		};
		C2CBCEDD270E08B200EB30DD /* Resources */ = {
			isa = PBXResourcesBuildPhase;
			buildActionMask = 2147483647;
			files = (
			);
			runOnlyForDeploymentPostprocessing = 0;
		};
/* End PBXResourcesBuildPhase section */

/* Begin PBXSourcesBuildPhase section */
		C2CBCEB7270E08AB00EB30DD /* Sources */ = {
			isa = PBXSourcesBuildPhase;
			buildActionMask = 2147483647;
			files = (
				C2CBCEC3270E08AB00EB30DD /* ViewController.swift in Sources */,
				C204C1A6270E11D7003FB2F9 /* OrderViewController.swift in Sources */,
				C2CBCEBF270E08AB00EB30DD /* AppDelegate.swift in Sources */,
				C2CBCEC1270E08AB00EB30DD /* SceneDelegate.swift in Sources */,
				C2CBCEC9270E08AB00EB30DD /* WalterMichael_HW5.xcdatamodeld in Sources */,
			);
			runOnlyForDeploymentPostprocessing = 0;
		};
		C2CBCED0270E08B200EB30DD /* Sources */ = {
			isa = PBXSourcesBuildPhase;
			buildActionMask = 2147483647;
			files = (
				C2CBCED9270E08B200EB30DD /* WalterMichael_HW5Tests.swift in Sources */,
			);
			runOnlyForDeploymentPostprocessing = 0;
		};
		C2CBCEDB270E08B200EB30DD /* Sources */ = {
			isa = PBXSourcesBuildPhase;
			buildActionMask = 2147483647;
			files = (
				C2CBCEE4270E08B200EB30DD /* WalterMichael_HW5UITests.swift in Sources */,
			);
			runOnlyForDeploymentPostprocessing = 0;
		};
/* End PBXSourcesBuildPhase section */

/* Begin PBXTargetDependency section */
		C2CBCED6270E08B200EB30DD /* PBXTargetDependency */ = {
			isa = PBXTargetDependency;
			target = C2CBCEBA270E08AB00EB30DD /* WalterMichael-HW5 */;
			targetProxy = C2CBCED5270E08B200EB30DD /* PBXContainerItemProxy */;
		};
		C2CBCEE1270E08B200EB30DD /* PBXTargetDependency */ = {
			isa = PBXTargetDependency;
			target = C2CBCEBA270E08AB00EB30DD /* WalterMichael-HW5 */;
			targetProxy = C2CBCEE0270E08B200EB30DD /* PBXContainerItemProxy */;
		};
/* End PBXTargetDependency section */

/* Begin PBXVariantGroup section */
		C2CBCEC4270E08AB00EB30DD /* Main.storyboard */ = {
			isa = PBXVariantGroup;
			children = (
				C2CBCEC5270E08AB00EB30DD /* Base */,
			);
			name = Main.storyboard;
			sourceTree = "<group>";
		};
		C2CBCECC270E08B200EB30DD /* LaunchScreen.storyboard */ = {
			isa = PBXVariantGroup;
			children = (
				C2CBCECD270E08B200EB30DD /* Base */,
			);
			name = LaunchScreen.storyboard;
			sourceTree = "<group>";
		};
/* End PBXVariantGroup section */

/* Begin XCBuildConfiguration section */
		C2CBCEE6270E08B200EB30DD /* Debug */ = {
			isa = XCBuildConfiguration;
			buildSettings = {
				ALWAYS_SEARCH_USER_PATHS = NO;
				CLANG_ANALYZER_NONNULL = YES;
				CLANG_ANALYZER_NUMBER_OBJECT_CONVERSION = YES_AGGRESSIVE;
				CLANG_CXX_LANGUAGE_STANDARD = "gnu++14";
				CLANG_CXX_LIBRARY = "libc++";
				CLANG_ENABLE_MODULES = YES;
				CLANG_ENABLE_OBJC_ARC = YES;
				CLANG_ENABLE_OBJC_WEAK = YES;
				CLANG_WARN_BLOCK_CAPTURE_AUTORELEASING = YES;
				CLANG_WARN_BOOL_CONVERSION = YES;
				CLANG_WARN_COMMA = YES;
				CLANG_WARN_CONSTANT_CONVERSION = YES;
				CLANG_WARN_DEPRECATED_OBJC_IMPLEMENTATIONS = YES;
				CLANG_WARN_DIRECT_OBJC_ISA_USAGE = YES_ERROR;
				CLANG_WARN_DOCUMENTATION_COMMENTS = YES;
				CLANG_WARN_EMPTY_BODY = YES;
				CLANG_WARN_ENUM_CONVERSION = YES;
				CLANG_WARN_INFINITE_RECURSION = YES;
				CLANG_WARN_INT_CONVERSION = YES;
				CLANG_WARN_NON_LITERAL_NULL_CONVERSION = YES;
				CLANG_WARN_OBJC_IMPLICIT_RETAIN_SELF = YES;
				CLANG_WARN_OBJC_LITERAL_CONVERSION = YES;
				CLANG_WARN_OBJC_ROOT_CLASS = YES_ERROR;
				CLANG_WARN_QUOTED_INCLUDE_IN_FRAMEWORK_HEADER = YES;
				CLANG_WARN_RANGE_LOOP_ANALYSIS = YES;
				CLANG_WARN_STRICT_PROTOTYPES = YES;
				CLANG_WARN_SUSPICIOUS_MOVE = YES;
				CLANG_WARN_UNGUARDED_AVAILABILITY = YES_AGGRESSIVE;
				CLANG_WARN_UNREACHABLE_CODE = YES;
				CLANG_WARN__DUPLICATE_METHOD_MATCH = YES;
				COPY_PHASE_STRIP = NO;
				DEBUG_INFORMATION_FORMAT = dwarf;
				ENABLE_STRICT_OBJC_MSGSEND = YES;
				ENABLE_TESTABILITY = YES;
				GCC_C_LANGUAGE_STANDARD = gnu11;
				GCC_DYNAMIC_NO_PIC = NO;
				GCC_NO_COMMON_BLOCKS = YES;
				GCC_OPTIMIZATION_LEVEL = 0;
				GCC_PREPROCESSOR_DEFINITIONS = (
					"DEBUG=1",
					"$(inherited)",
				);
				GCC_WARN_64_TO_32_BIT_CONVERSION = YES;
				GCC_WARN_ABOUT_RETURN_TYPE = YES_ERROR;
				GCC_WARN_UNDECLARED_SELECTOR = YES;
				GCC_WARN_UNINITIALIZED_AUTOS = YES_AGGRESSIVE;
				GCC_WARN_UNUSED_FUNCTION = YES;
				GCC_WARN_UNUSED_VARIABLE = YES;
				IPHONEOS_DEPLOYMENT_TARGET = 14.5;
				MTL_ENABLE_DEBUG_INFO = INCLUDE_SOURCE;
				MTL_FAST_MATH = YES;
				ONLY_ACTIVE_ARCH = YES;
				SDKROOT = iphoneos;
				SWIFT_ACTIVE_COMPILATION_CONDITIONS = DEBUG;
				SWIFT_OPTIMIZATION_LEVEL = "-Onone";
			};
			name = Debug;
		};
		C2CBCEE7270E08B200EB30DD /* Release */ = {
			isa = XCBuildConfiguration;
			buildSettings = {
				ALWAYS_SEARCH_USER_PATHS = NO;
				CLANG_ANALYZER_NONNULL = YES;
				CLANG_ANALYZER_NUMBER_OBJECT_CONVERSION = YES_AGGRESSIVE;
				CLANG_CXX_LANGUAGE_STANDARD = "gnu++14";
				CLANG_CXX_LIBRARY = "libc++";
				CLANG_ENABLE_MODULES = YES;
				CLANG_ENABLE_OBJC_ARC = YES;
				CLANG_ENABLE_OBJC_WEAK = YES;
				CLANG_WARN_BLOCK_CAPTURE_AUTORELEASING = YES;
				CLANG_WARN_BOOL_CONVERSION = YES;
				CLANG_WARN_COMMA = YES;
				CLANG_WARN_CONSTANT_CONVERSION = YES;
				CLANG_WARN_DEPRECATED_OBJC_IMPLEMENTATIONS = YES;
				CLANG_WARN_DIRECT_OBJC_ISA_USAGE = YES_ERROR;
				CLANG_WARN_DOCUMENTATION_COMMENTS = YES;
				CLANG_WARN_EMPTY_BODY = YES;
				CLANG_WARN_ENUM_CONVERSION = YES;
				CLANG_WARN_INFINITE_RECURSION = YES;
				CLANG_WARN_INT_CONVERSION = YES;
				CLANG_WARN_NON_LITERAL_NULL_CONVERSION = YES;
				CLANG_WARN_OBJC_IMPLICIT_RETAIN_SELF = YES;
				CLANG_WARN_OBJC_LITERAL_CONVERSION = YES;
				CLANG_WARN_OBJC_ROOT_CLASS = YES_ERROR;
				CLANG_WARN_QUOTED_INCLUDE_IN_FRAMEWORK_HEADER = YES;
				CLANG_WARN_RANGE_LOOP_ANALYSIS = YES;
				CLANG_WARN_STRICT_PROTOTYPES = YES;
				CLANG_WARN_SUSPICIOUS_MOVE = YES;
				CLANG_WARN_UNGUARDED_AVAILABILITY = YES_AGGRESSIVE;
				CLANG_WARN_UNREACHABLE_CODE = YES;
				CLANG_WARN__DUPLICATE_METHOD_MATCH = YES;
				COPY_PHASE_STRIP = NO;
				DEBUG_INFORMATION_FORMAT = "dwarf-with-dsym";
				ENABLE_NS_ASSERTIONS = NO;
				ENABLE_STRICT_OBJC_MSGSEND = YES;
				GCC_C_LANGUAGE_STANDARD = gnu11;
				GCC_NO_COMMON_BLOCKS = YES;
				GCC_WARN_64_TO_32_BIT_CONVERSION = YES;
				GCC_WARN_ABOUT_RETURN_TYPE = YES_ERROR;
				GCC_WARN_UNDECLARED_SELECTOR = YES;
				GCC_WARN_UNINITIALIZED_AUTOS = YES_AGGRESSIVE;
				GCC_WARN_UNUSED_FUNCTION = YES;
				GCC_WARN_UNUSED_VARIABLE = YES;
				IPHONEOS_DEPLOYMENT_TARGET = 14.5;
				MTL_ENABLE_DEBUG_INFO = NO;
				MTL_FAST_MATH = YES;
				SDKROOT = iphoneos;
				SWIFT_COMPILATION_MODE = wholemodule;
				SWIFT_OPTIMIZATION_LEVEL = "-O";
				VALIDATE_PRODUCT = YES;
			};
			name = Release;
		};
		C2CBCEE9270E08B200EB30DD /* Debug */ = {
			isa = XCBuildConfiguration;
			buildSettings = {
				ASSETCATALOG_COMPILER_APPICON_NAME = AppIcon;
				ASSETCATALOG_COMPILER_GLOBAL_ACCENT_COLOR_NAME = AccentColor;
				CODE_SIGN_STYLE = Automatic;
				DEVELOPMENT_TEAM = KGEF3EE3A9;
				INFOPLIST_FILE = "WalterMichael-HW5/Info.plist";
				LD_RUNPATH_SEARCH_PATHS = (
					"$(inherited)",
					"@executable_path/Frameworks",
				);
				PRODUCT_BUNDLE_IDENTIFIER = "com.MichaelWalter.WalterMichael-HW5";
				PRODUCT_NAME = "$(TARGET_NAME)";
				SWIFT_VERSION = 5.0;
				TARGETED_DEVICE_FAMILY = "1,2";
			};
			name = Debug;
		};
		C2CBCEEA270E08B200EB30DD /* Release */ = {
			isa = XCBuildConfiguration;
			buildSettings = {
				ASSETCATALOG_COMPILER_APPICON_NAME = AppIcon;
				ASSETCATALOG_COMPILER_GLOBAL_ACCENT_COLOR_NAME = AccentColor;
				CODE_SIGN_STYLE = Automatic;
				DEVELOPMENT_TEAM = KGEF3EE3A9;
				INFOPLIST_FILE = "WalterMichael-HW5/Info.plist";
				LD_RUNPATH_SEARCH_PATHS = (
					"$(inherited)",
					"@executable_path/Frameworks",
				);
				PRODUCT_BUNDLE_IDENTIFIER = "com.MichaelWalter.WalterMichael-HW5";
				PRODUCT_NAME = "$(TARGET_NAME)";
				SWIFT_VERSION = 5.0;
				TARGETED_DEVICE_FAMILY = "1,2";
			};
			name = Release;
		};
		C2CBCEEC270E08B200EB30DD /* Debug */ = {
			isa = XCBuildConfiguration;
			buildSettings = {
				ALWAYS_EMBED_SWIFT_STANDARD_LIBRARIES = YES;
				BUNDLE_LOADER = "$(TEST_HOST)";
				CODE_SIGN_STYLE = Automatic;
				DEVELOPMENT_TEAM = KGEF3EE3A9;
				INFOPLIST_FILE = "WalterMichael-HW5Tests/Info.plist";
				IPHONEOS_DEPLOYMENT_TARGET = 14.5;
				LD_RUNPATH_SEARCH_PATHS = (
					"$(inherited)",
					"@executable_path/Frameworks",
					"@loader_path/Frameworks",
				);
				PRODUCT_BUNDLE_IDENTIFIER = "com.MichaelWalter.WalterMichael-HW5Tests";
				PRODUCT_NAME = "$(TARGET_NAME)";
				SWIFT_VERSION = 5.0;
				TARGETED_DEVICE_FAMILY = "1,2";
				TEST_HOST = "$(BUILT_PRODUCTS_DIR)/WalterMichael-HW5.app/WalterMichael-HW5";
			};
			name = Debug;
		};
		C2CBCEED270E08B200EB30DD /* Release */ = {
			isa = XCBuildConfiguration;
			buildSettings = {
				ALWAYS_EMBED_SWIFT_STANDARD_LIBRARIES = YES;
				BUNDLE_LOADER = "$(TEST_HOST)";
				CODE_SIGN_STYLE = Automatic;
				DEVELOPMENT_TEAM = KGEF3EE3A9;
				INFOPLIST_FILE = "WalterMichael-HW5Tests/Info.plist";
				IPHONEOS_DEPLOYMENT_TARGET = 14.5;
				LD_RUNPATH_SEARCH_PATHS = (
					"$(inherited)",
					"@executable_path/Frameworks",
					"@loader_path/Frameworks",
				);
				PRODUCT_BUNDLE_IDENTIFIER = "com.MichaelWalter.WalterMichael-HW5Tests";
				PRODUCT_NAME = "$(TARGET_NAME)";
				SWIFT_VERSION = 5.0;
				TARGETED_DEVICE_FAMILY = "1,2";
				TEST_HOST = "$(BUILT_PRODUCTS_DIR)/WalterMichael-HW5.app/WalterMichael-HW5";
			};
			name = Release;
		};
		C2CBCEEF270E08B200EB30DD /* Debug */ = {
			isa = XCBuildConfiguration;
			buildSettings = {
				ALWAYS_EMBED_SWIFT_STANDARD_LIBRARIES = YES;
				CODE_SIGN_STYLE = Automatic;
				DEVELOPMENT_TEAM = KGEF3EE3A9;
				INFOPLIST_FILE = "WalterMichael-HW5UITests/Info.plist";
				LD_RUNPATH_SEARCH_PATHS = (
					"$(inherited)",
					"@executable_path/Frameworks",
					"@loader_path/Frameworks",
				);
				PRODUCT_BUNDLE_IDENTIFIER = "com.MichaelWalter.WalterMichael-HW5UITests";
				PRODUCT_NAME = "$(TARGET_NAME)";
				SWIFT_VERSION = 5.0;
				TARGETED_DEVICE_FAMILY = "1,2";
				TEST_TARGET_NAME = "WalterMichael-HW5";
			};
			name = Debug;
		};
		C2CBCEF0270E08B200EB30DD /* Release */ = {
			isa = XCBuildConfiguration;
			buildSettings = {
				ALWAYS_EMBED_SWIFT_STANDARD_LIBRARIES = YES;
				CODE_SIGN_STYLE = Automatic;
				DEVELOPMENT_TEAM = KGEF3EE3A9;
				INFOPLIST_FILE = "WalterMichael-HW5UITests/Info.plist";
				LD_RUNPATH_SEARCH_PATHS = (
					"$(inherited)",
					"@executable_path/Frameworks",
					"@loader_path/Frameworks",
				);
				PRODUCT_BUNDLE_IDENTIFIER = "com.MichaelWalter.WalterMichael-HW5UITests";
				PRODUCT_NAME = "$(TARGET_NAME)";
				SWIFT_VERSION = 5.0;
				TARGETED_DEVICE_FAMILY = "1,2";
				TEST_TARGET_NAME = "WalterMichael-HW5";
			};
			name = Release;
		};
/* End XCBuildConfiguration section */

/* Begin XCConfigurationList section */
		C2CBCEB6270E08AB00EB30DD /* Build configuration list for PBXProject "WalterMichael-HW5" */ = {
			isa = XCConfigurationList;
			buildConfigurations = (
				C2CBCEE6270E08B200EB30DD /* Debug */,
				C2CBCEE7270E08B200EB30DD /* Release */,
			);
			defaultConfigurationIsVisible = 0;
			defaultConfigurationName = Release;
		};
		C2CBCEE8270E08B200EB30DD /* Build configuration list for PBXNativeTarget "WalterMichael-HW5" */ = {
			isa = XCConfigurationList;
			buildConfigurations = (
				C2CBCEE9270E08B200EB30DD /* Debug */,
				C2CBCEEA270E08B200EB30DD /* Release */,
			);
			defaultConfigurationIsVisible = 0;
			defaultConfigurationName = Release;
		};
		C2CBCEEB270E08B200EB30DD /* Build configuration list for PBXNativeTarget "WalterMichael-HW5Tests" */ = {
			isa = XCConfigurationList;
			buildConfigurations = (
				C2CBCEEC270E08B200EB30DD /* Debug */,
				C2CBCEED270E08B200EB30DD /* Release */,
			);
			defaultConfigurationIsVisible = 0;
			defaultConfigurationName = Release;
		};
		C2CBCEEE270E08B200EB30DD /* Build configuration list for PBXNativeTarget "WalterMichael-HW5UITests" */ = {
			isa = XCConfigurationList;
			buildConfigurations = (
				C2CBCEEF270E08B200EB30DD /* Debug */,
				C2CBCEF0270E08B200EB30DD /* Release */,
			);
			defaultConfigurationIsVisible = 0;
			defaultConfigurationName = Release;
		};
/* End XCConfigurationList section */

/* Begin XCVersionGroup section */
		C2CBCEC7270E08AB00EB30DD /* WalterMichael_HW5.xcdatamodeld */ = {
			isa = XCVersionGroup;
			children = (
				C2CBCEC8270E08AB00EB30DD /* WalterMichael_HW5.xcdatamodel */,
			);
			currentVersion = C2CBCEC8270E08AB00EB30DD /* WalterMichael_HW5.xcdatamodel */;
			path = WalterMichael_HW5.xcdatamodeld;
			sourceTree = "<group>";
			versionGroupType = wrapper.xcdatamodel;
		};
/* End XCVersionGroup section */
	};
	rootObject = C2CBCEB3270E08AB00EB30DD /* Project object */;
}
