// !$*UTF8*$!
{
	archiveVersion = 1;
	classes = {
	};
	objectVersion = 55;
	objects = {

/* Begin PBXBuildFile section */
		C2DAD0DB273D068000C364B5 /* AppDelegate.swift in Sources */ = {isa = PBXBuildFile; fileRef = C2DAD0DA273D068000C364B5 /* AppDelegate.swift */; };
		C2DAD0DD273D068000C364B5 /* SceneDelegate.swift in Sources */ = {isa = PBXBuildFile; fileRef = C2DAD0DC273D068000C364B5 /* SceneDelegate.swift */; };
		C2DAD0DF273D068000C364B5 /* ViewController.swift in Sources */ = {isa = PBXBuildFile; fileRef = C2DAD0DE273D068000C364B5 /* ViewController.swift */; };
		C2DAD0E2273D068000C364B5 /* Main.storyboard in Resources */ = {isa = PBXBuildFile; fileRef = C2DAD0E0273D068000C364B5 /* Main.storyboard */; };
		C2DAD0E4273D068300C364B5 /* Assets.xcassets in Resources */ = {isa = PBXBuildFile; fileRef = C2DAD0E3273D068300C364B5 /* Assets.xcassets */; };
		C2DAD0E7273D068300C364B5 /* LaunchScreen.storyboard in Resources */ = {isa = PBXBuildFile; fileRef = C2DAD0E5273D068300C364B5 /* LaunchScreen.storyboard */; };
		C2DAD0F2273D068300C364B5 /* WalterMichael_HW9Tests.swift in Sources */ = {isa = PBXBuildFile; fileRef = C2DAD0F1273D068300C364B5 /* WalterMichael_HW9Tests.swift */; };
		C2DAD0FC273D068300C364B5 /* WalterMichael_HW9UITests.swift in Sources */ = {isa = PBXBuildFile; fileRef = C2DAD0FB273D068300C364B5 /* WalterMichael_HW9UITests.swift */; };
		C2DAD0FE273D068300C364B5 /* WalterMichael_HW9UITestsLaunchTests.swift in Sources */ = {isa = PBXBuildFile; fileRef = C2DAD0FD273D068300C364B5 /* WalterMichael_HW9UITestsLaunchTests.swift */; };
/* End PBXBuildFile section */

/* Begin PBXContainerItemProxy section */
		C2DAD0EE273D068300C364B5 /* PBXContainerItemProxy */ = {
			isa = PBXContainerItemProxy;
			containerPortal = C2DAD0CF273D068000C364B5 /* Project object */;
			proxyType = 1;
			remoteGlobalIDString = C2DAD0D6273D068000C364B5;
			remoteInfo = "WalterMichael-HW9";
		};
		C2DAD0F8273D068300C364B5 /* PBXContainerItemProxy */ = {
			isa = PBXContainerItemProxy;
			containerPortal = C2DAD0CF273D068000C364B5 /* Project object */;
			proxyType = 1;
			remoteGlobalIDString = C2DAD0D6273D068000C364B5;
			remoteInfo = "WalterMichael-HW9";
		};
/* End PBXContainerItemProxy section */

/* Begin PBXFileReference section */
		C2DAD0D7273D068000C364B5 /* GestureGame.app */ = {isa = PBXFileReference; explicitFileType = wrapper.application; includeInIndex = 0; path = GestureGame.app; sourceTree = BUILT_PRODUCTS_DIR; };
		C2DAD0DA273D068000C364B5 /* AppDelegate.swift */ = {isa = PBXFileReference; lastKnownFileType = sourcecode.swift; path = AppDelegate.swift; sourceTree = "<group>"; };
		C2DAD0DC273D068000C364B5 /* SceneDelegate.swift */ = {isa = PBXFileReference; lastKnownFileType = sourcecode.swift; path = SceneDelegate.swift; sourceTree = "<group>"; };
		C2DAD0DE273D068000C364B5 /* ViewController.swift */ = {isa = PBXFileReference; lastKnownFileType = sourcecode.swift; path = ViewController.swift; sourceTree = "<group>"; };
		C2DAD0E1273D068000C364B5 /* Base */ = {isa = PBXFileReference; lastKnownFileType = file.storyboard; name = Base; path = Base.lproj/Main.storyboard; sourceTree = "<group>"; };
		C2DAD0E3273D068300C364B5 /* Assets.xcassets */ = {isa = PBXFileReference; lastKnownFileType = folder.assetcatalog; path = Assets.xcassets; sourceTree = "<group>"; };
		C2DAD0E6273D068300C364B5 /* Base */ = {isa = PBXFileReference; lastKnownFileType = file.storyboard; name = Base; path = Base.lproj/LaunchScreen.storyboard; sourceTree = "<group>"; };
		C2DAD0E8273D068300C364B5 /* Info.plist */ = {isa = PBXFileReference; lastKnownFileType = text.plist.xml; path = Info.plist; sourceTree = "<group>"; };
		C2DAD0ED273D068300C364B5 /* GestureGameTests.xctest */ = {isa = PBXFileReference; explicitFileType = wrapper.cfbundle; includeInIndex = 0; path = GestureGameTests.xctest; sourceTree = BUILT_PRODUCTS_DIR; };
		C2DAD0F1273D068300C364B5 /* WalterMichael_HW9Tests.swift */ = {isa = PBXFileReference; lastKnownFileType = sourcecode.swift; path = WalterMichael_HW9Tests.swift; sourceTree = "<group>"; };
		C2DAD0F7273D068300C364B5 /* GestureGameUITests.xctest */ = {isa = PBXFileReference; explicitFileType = wrapper.cfbundle; includeInIndex = 0; path = GestureGameUITests.xctest; sourceTree = BUILT_PRODUCTS_DIR; };
		C2DAD0FB273D068300C364B5 /* WalterMichael_HW9UITests.swift */ = {isa = PBXFileReference; lastKnownFileType = sourcecode.swift; path = WalterMichael_HW9UITests.swift; sourceTree = "<group>"; };
		C2DAD0FD273D068300C364B5 /* WalterMichael_HW9UITestsLaunchTests.swift */ = {isa = PBXFileReference; lastKnownFileType = sourcecode.swift; path = WalterMichael_HW9UITestsLaunchTests.swift; sourceTree = "<group>"; };
/* End PBXFileReference section */

/* Begin PBXFrameworksBuildPhase section */
		C2DAD0D4273D068000C364B5 /* Frameworks */ = {
			isa = PBXFrameworksBuildPhase;
			buildActionMask = 2147483647;
			files = (
			);
			runOnlyForDeploymentPostprocessing = 0;
		};
		C2DAD0EA273D068300C364B5 /* Frameworks */ = {
			isa = PBXFrameworksBuildPhase;
			buildActionMask = 2147483647;
			files = (
			);
			runOnlyForDeploymentPostprocessing = 0;
		};
		C2DAD0F4273D068300C364B5 /* Frameworks */ = {
			isa = PBXFrameworksBuildPhase;
			buildActionMask = 2147483647;
			files = (
			);
			runOnlyForDeploymentPostprocessing = 0;
		};
/* End PBXFrameworksBuildPhase section */

/* Begin PBXGroup section */
		C2DAD0CE273D068000C364B5 = {
			isa = PBXGroup;
			children = (
				C2DAD0D9273D068000C364B5 /* GestureGame */,
				C2DAD0F0273D068300C364B5 /* GestureGameTests */,
				C2DAD0FA273D068300C364B5 /* GestureGameUITests */,
				C2DAD0D8273D068000C364B5 /* Products */,
			);
			sourceTree = "<group>";
		};
		C2DAD0D8273D068000C364B5 /* Products */ = {
			isa = PBXGroup;
			children = (
				C2DAD0D7273D068000C364B5 /* GestureGame.app */,
				C2DAD0ED273D068300C364B5 /* GestureGameTests.xctest */,
				C2DAD0F7273D068300C364B5 /* GestureGameUITests.xctest */,
			);
			name = Products;
			sourceTree = "<group>";
		};
		C2DAD0D9273D068000C364B5 /* GestureGame */ = {
			isa = PBXGroup;
			children = (
				C2DAD0DA273D068000C364B5 /* AppDelegate.swift */,
				C2DAD0DC273D068000C364B5 /* SceneDelegate.swift */,
				C2DAD0DE273D068000C364B5 /* ViewController.swift */,
				C2DAD0E0273D068000C364B5 /* Main.storyboard */,
				C2DAD0E3273D068300C364B5 /* Assets.xcassets */,
				C2DAD0E5273D068300C364B5 /* LaunchScreen.storyboard */,
				C2DAD0E8273D068300C364B5 /* Info.plist */,
			);
			path = GestureGame;
			sourceTree = "<group>";
		};
		C2DAD0F0273D068300C364B5 /* GestureGameTests */ = {
			isa = PBXGroup;
			children = (
				C2DAD0F1273D068300C364B5 /* WalterMichael_HW9Tests.swift */,
			);
			path = GestureGameTests;
			sourceTree = "<group>";
		};
		C2DAD0FA273D068300C364B5 /* GestureGameUITests */ = {
			isa = PBXGroup;
			children = (
				C2DAD0FB273D068300C364B5 /* WalterMichael_HW9UITests.swift */,
				C2DAD0FD273D068300C364B5 /* WalterMichael_HW9UITestsLaunchTests.swift */,
			);
			path = GestureGameUITests;
			sourceTree = "<group>";
		};
/* End PBXGroup section */

/* Begin PBXNativeTarget section */
		C2DAD0D6273D068000C364B5 /* GestureGame */ = {
			isa = PBXNativeTarget;
			buildConfigurationList = C2DAD101273D068300C364B5 /* Build configuration list for PBXNativeTarget "GestureGame" */;
			buildPhases = (
				C2DAD0D3273D068000C364B5 /* Sources */,
				C2DAD0D4273D068000C364B5 /* Frameworks */,
				C2DAD0D5273D068000C364B5 /* Resources */,
			);
			buildRules = (
			);
			dependencies = (
			);
			name = GestureGame;
			productName = "WalterMichael-HW9";
			productReference = C2DAD0D7273D068000C364B5 /* GestureGame.app */;
			productType = "com.apple.product-type.application";
		};
		C2DAD0EC273D068300C364B5 /* GestureGameTests */ = {
			isa = PBXNativeTarget;
			buildConfigurationList = C2DAD104273D068300C364B5 /* Build configuration list for PBXNativeTarget "GestureGameTests" */;
			buildPhases = (
				C2DAD0E9273D068300C364B5 /* Sources */,
				C2DAD0EA273D068300C364B5 /* Frameworks */,
				C2DAD0EB273D068300C364B5 /* Resources */,
			);
			buildRules = (
			);
			dependencies = (
				C2DAD0EF273D068300C364B5 /* PBXTargetDependency */,
			);
			name = GestureGameTests;
			productName = "WalterMichael-HW9Tests";
			productReference = C2DAD0ED273D068300C364B5 /* GestureGameTests.xctest */;
			productType = "com.apple.product-type.bundle.unit-test";
		};
		C2DAD0F6273D068300C364B5 /* GestureGameUITests */ = {
			isa = PBXNativeTarget;
			buildConfigurationList = C2DAD107273D068300C364B5 /* Build configuration list for PBXNativeTarget "GestureGameUITests" */;
			buildPhases = (
				C2DAD0F3273D068300C364B5 /* Sources */,
				C2DAD0F4273D068300C364B5 /* Frameworks */,
				C2DAD0F5273D068300C364B5 /* Resources */,
			);
			buildRules = (
			);
			dependencies = (
				C2DAD0F9273D068300C364B5 /* PBXTargetDependency */,
			);
			name = GestureGameUITests;
			productName = "WalterMichael-HW9UITests";
			productReference = C2DAD0F7273D068300C364B5 /* GestureGameUITests.xctest */;
			productType = "com.apple.product-type.bundle.ui-testing";
		};
/* End PBXNativeTarget section */

/* Begin PBXProject section */
		C2DAD0CF273D068000C364B5 /* Project object */ = {
			isa = PBXProject;
			attributes = {
				BuildIndependentTargetsInParallel = 1;
				LastSwiftUpdateCheck = 1300;
				LastUpgradeCheck = 1300;
				TargetAttributes = {
					C2DAD0D6273D068000C364B5 = {
						CreatedOnToolsVersion = 13.0;
					};
					C2DAD0EC273D068300C364B5 = {
						CreatedOnToolsVersion = 13.0;
						TestTargetID = C2DAD0D6273D068000C364B5;
					};
					C2DAD0F6273D068300C364B5 = {
						CreatedOnToolsVersion = 13.0;
						TestTargetID = C2DAD0D6273D068000C364B5;
					};
				};
			};
			buildConfigurationList = C2DAD0D2273D068000C364B5 /* Build configuration list for PBXProject "GestureGame" */;
			compatibilityVersion = "Xcode 13.0";
			developmentRegion = en;
			hasScannedForEncodings = 0;
			knownRegions = (
				en,
				Base,
			);
			mainGroup = C2DAD0CE273D068000C364B5;
			productRefGroup = C2DAD0D8273D068000C364B5 /* Products */;
			projectDirPath = "";
			projectRoot = "";
			targets = (
				C2DAD0D6273D068000C364B5 /* GestureGame */,
				C2DAD0EC273D068300C364B5 /* GestureGameTests */,
				C2DAD0F6273D068300C364B5 /* GestureGameUITests */,
			);
		};
/* End PBXProject section */

/* Begin PBXResourcesBuildPhase section */
		C2DAD0D5273D068000C364B5 /* Resources */ = {
			isa = PBXResourcesBuildPhase;
			buildActionMask = 2147483647;
			files = (
				C2DAD0E7273D068300C364B5 /* LaunchScreen.storyboard in Resources */,
				C2DAD0E4273D068300C364B5 /* Assets.xcassets in Resources */,
				C2DAD0E2273D068000C364B5 /* Main.storyboard in Resources */,
			);
			runOnlyForDeploymentPostprocessing = 0;
		};
		C2DAD0EB273D068300C364B5 /* Resources */ = {
			isa = PBXResourcesBuildPhase;
			buildActionMask = 2147483647;
			files = (
			);
			runOnlyForDeploymentPostprocessing = 0;
		};
		C2DAD0F5273D068300C364B5 /* Resources */ = {
			isa = PBXResourcesBuildPhase;
			buildActionMask = 2147483647;
			files = (
			);
			runOnlyForDeploymentPostprocessing = 0;
		};
/* End PBXResourcesBuildPhase section */

/* Begin PBXSourcesBuildPhase section */
		C2DAD0D3273D068000C364B5 /* Sources */ = {
			isa = PBXSourcesBuildPhase;
			buildActionMask = 2147483647;
			files = (
				C2DAD0DF273D068000C364B5 /* ViewController.swift in Sources */,
				C2DAD0DB273D068000C364B5 /* AppDelegate.swift in Sources */,
				C2DAD0DD273D068000C364B5 /* SceneDelegate.swift in Sources */,
			);
			runOnlyForDeploymentPostprocessing = 0;
		};
		C2DAD0E9273D068300C364B5 /* Sources */ = {
			isa = PBXSourcesBuildPhase;
			buildActionMask = 2147483647;
			files = (
				C2DAD0F2273D068300C364B5 /* WalterMichael_HW9Tests.swift in Sources */,
			);
			runOnlyForDeploymentPostprocessing = 0;
		};
		C2DAD0F3273D068300C364B5 /* Sources */ = {
			isa = PBXSourcesBuildPhase;
			buildActionMask = 2147483647;
			files = (
				C2DAD0FE273D068300C364B5 /* WalterMichael_HW9UITestsLaunchTests.swift in Sources */,
				C2DAD0FC273D068300C364B5 /* WalterMichael_HW9UITests.swift in Sources */,
			);
			runOnlyForDeploymentPostprocessing = 0;
		};
/* End PBXSourcesBuildPhase section */

/* Begin PBXTargetDependency section */
		C2DAD0EF273D068300C364B5 /* PBXTargetDependency */ = {
			isa = PBXTargetDependency;
			target = C2DAD0D6273D068000C364B5 /* GestureGame */;
			targetProxy = C2DAD0EE273D068300C364B5 /* PBXContainerItemProxy */;
		};
		C2DAD0F9273D068300C364B5 /* PBXTargetDependency */ = {
			isa = PBXTargetDependency;
			target = C2DAD0D6273D068000C364B5 /* GestureGame */;
			targetProxy = C2DAD0F8273D068300C364B5 /* PBXContainerItemProxy */;
		};
/* End PBXTargetDependency section */

/* Begin PBXVariantGroup section */
		C2DAD0E0273D068000C364B5 /* Main.storyboard */ = {
			isa = PBXVariantGroup;
			children = (
				C2DAD0E1273D068000C364B5 /* Base */,
			);
			name = Main.storyboard;
			sourceTree = "<group>";
		};
		C2DAD0E5273D068300C364B5 /* LaunchScreen.storyboard */ = {
			isa = PBXVariantGroup;
			children = (
				C2DAD0E6273D068300C364B5 /* Base */,
			);
			name = LaunchScreen.storyboard;
			sourceTree = "<group>";
		};
/* End PBXVariantGroup section */

/* Begin XCBuildConfiguration section */
		C2DAD0FF273D068300C364B5 /* Debug */ = {
			isa = XCBuildConfiguration;
			buildSettings = {
				ALWAYS_SEARCH_USER_PATHS = NO;
				CLANG_ANALYZER_NONNULL = YES;
				CLANG_ANALYZER_NUMBER_OBJECT_CONVERSION = YES_AGGRESSIVE;
				CLANG_CXX_LANGUAGE_STANDARD = "gnu++17";
				CLANG_CXX_LIBRARY = "libc++";
				CLANG_ENABLE_MODULES = YES;
				CLANG_ENABLE_OBJC_ARC = YES;
				CLANG_ENABLE_OBJC_WEAK = YES;
				CLANG_WARN_BLOCK_CAPTURE_AUTORELEASING = YES;
				CLANG_WARN_BOOL_CONVERSION = YES;
				CLANG_WARN_COMMA = YES;
				CLANG_WARN_CONSTANT_CONVERSION = YES;
				CLANG_WARN_DEPRECATED_OBJC_IMPLEMENTATIONS = YES;
				CLANG_WARN_DIRECT_OBJC_ISA_USAGE = YES_ERROR;
				CLANG_WARN_DOCUMENTATION_COMMENTS = YES;
				CLANG_WARN_EMPTY_BODY = YES;
				CLANG_WARN_ENUM_CONVERSION = YES;
				CLANG_WARN_INFINITE_RECURSION = YES;
				CLANG_WARN_INT_CONVERSION = YES;
				CLANG_WARN_NON_LITERAL_NULL_CONVERSION = YES;
				CLANG_WARN_OBJC_IMPLICIT_RETAIN_SELF = YES;
				CLANG_WARN_OBJC_LITERAL_CONVERSION = YES;
				CLANG_WARN_OBJC_ROOT_CLASS = YES_ERROR;
				CLANG_WARN_QUOTED_INCLUDE_IN_FRAMEWORK_HEADER = YES;
				CLANG_WARN_RANGE_LOOP_ANALYSIS = YES;
				CLANG_WARN_STRICT_PROTOTYPES = YES;
				CLANG_WARN_SUSPICIOUS_MOVE = YES;
				CLANG_WARN_UNGUARDED_AVAILABILITY = YES_AGGRESSIVE;
				CLANG_WARN_UNREACHABLE_CODE = YES;
				CLANG_WARN__DUPLICATE_METHOD_MATCH = YES;
				COPY_PHASE_STRIP = NO;
				DEBUG_INFORMATION_FORMAT = dwarf;
				ENABLE_STRICT_OBJC_MSGSEND = YES;
				ENABLE_TESTABILITY = YES;
				GCC_C_LANGUAGE_STANDARD = gnu11;
				GCC_DYNAMIC_NO_PIC = NO;
				GCC_NO_COMMON_BLOCKS = YES;
				GCC_OPTIMIZATION_LEVEL = 0;
				GCC_PREPROCESSOR_DEFINITIONS = (
					"DEBUG=1",
					"$(inherited)",
				);
				GCC_WARN_64_TO_32_BIT_CONVERSION = YES;
				GCC_WARN_ABOUT_RETURN_TYPE = YES_ERROR;
				GCC_WARN_UNDECLARED_SELECTOR = YES;
				GCC_WARN_UNINITIALIZED_AUTOS = YES_AGGRESSIVE;
				GCC_WARN_UNUSED_FUNCTION = YES;
				GCC_WARN_UNUSED_VARIABLE = YES;
				IPHONEOS_DEPLOYMENT_TARGET = 15.0;
				MTL_ENABLE_DEBUG_INFO = INCLUDE_SOURCE;
				MTL_FAST_MATH = YES;
				ONLY_ACTIVE_ARCH = YES;
				SDKROOT = iphoneos;
				SWIFT_ACTIVE_COMPILATION_CONDITIONS = DEBUG;
				SWIFT_OPTIMIZATION_LEVEL = "-Onone";
			};
			name = Debug;
		};
		C2DAD100273D068300C364B5 /* Release */ = {
			isa = XCBuildConfiguration;
			buildSettings = {
				ALWAYS_SEARCH_USER_PATHS = NO;
				CLANG_ANALYZER_NONNULL = YES;
				CLANG_ANALYZER_NUMBER_OBJECT_CONVERSION = YES_AGGRESSIVE;
				CLANG_CXX_LANGUAGE_STANDARD = "gnu++17";
				CLANG_CXX_LIBRARY = "libc++";
				CLANG_ENABLE_MODULES = YES;
				CLANG_ENABLE_OBJC_ARC = YES;
				CLANG_ENABLE_OBJC_WEAK = YES;
				CLANG_WARN_BLOCK_CAPTURE_AUTORELEASING = YES;
				CLANG_WARN_BOOL_CONVERSION = YES;
				CLANG_WARN_COMMA = YES;
				CLANG_WARN_CONSTANT_CONVERSION = YES;
				CLANG_WARN_DEPRECATED_OBJC_IMPLEMENTATIONS = YES;
				CLANG_WARN_DIRECT_OBJC_ISA_USAGE = YES_ERROR;
				CLANG_WARN_DOCUMENTATION_COMMENTS = YES;
				CLANG_WARN_EMPTY_BODY = YES;
				CLANG_WARN_ENUM_CONVERSION = YES;
				CLANG_WARN_INFINITE_RECURSION = YES;
				CLANG_WARN_INT_CONVERSION = YES;
				CLANG_WARN_NON_LITERAL_NULL_CONVERSION = YES;
				CLANG_WARN_OBJC_IMPLICIT_RETAIN_SELF = YES;
				CLANG_WARN_OBJC_LITERAL_CONVERSION = YES;
				CLANG_WARN_OBJC_ROOT_CLASS = YES_ERROR;
				CLANG_WARN_QUOTED_INCLUDE_IN_FRAMEWORK_HEADER = YES;
				CLANG_WARN_RANGE_LOOP_ANALYSIS = YES;
				CLANG_WARN_STRICT_PROTOTYPES = YES;
				CLANG_WARN_SUSPICIOUS_MOVE = YES;
				CLANG_WARN_UNGUARDED_AVAILABILITY = YES_AGGRESSIVE;
				CLANG_WARN_UNREACHABLE_CODE = YES;
				CLANG_WARN__DUPLICATE_METHOD_MATCH = YES;
				COPY_PHASE_STRIP = NO;
				DEBUG_INFORMATION_FORMAT = "dwarf-with-dsym";
				ENABLE_NS_ASSERTIONS = NO;
				ENABLE_STRICT_OBJC_MSGSEND = YES;
				GCC_C_LANGUAGE_STANDARD = gnu11;
				GCC_NO_COMMON_BLOCKS = YES;
				GCC_WARN_64_TO_32_BIT_CONVERSION = YES;
				GCC_WARN_ABOUT_RETURN_TYPE = YES_ERROR;
				GCC_WARN_UNDECLARED_SELECTOR = YES;
				GCC_WARN_UNINITIALIZED_AUTOS = YES_AGGRESSIVE;
				GCC_WARN_UNUSED_FUNCTION = YES;
				GCC_WARN_UNUSED_VARIABLE = YES;
				IPHONEOS_DEPLOYMENT_TARGET = 15.0;
				MTL_ENABLE_DEBUG_INFO = NO;
				MTL_FAST_MATH = YES;
				SDKROOT = iphoneos;
				SWIFT_COMPILATION_MODE = wholemodule;
				SWIFT_OPTIMIZATION_LEVEL = "-O";
				VALIDATE_PRODUCT = YES;
			};
			name = Release;
		};
		C2DAD102273D068300C364B5 /* Debug */ = {
			isa = XCBuildConfiguration;
			buildSettings = {
				ASSETCATALOG_COMPILER_APPICON_NAME = AppIcon;
				ASSETCATALOG_COMPILER_GLOBAL_ACCENT_COLOR_NAME = AccentColor;
				CODE_SIGN_STYLE = Automatic;
				CURRENT_PROJECT_VERSION = 1;
				DEVELOPMENT_TEAM = KGEF3EE3A9;
				GENERATE_INFOPLIST_FILE = YES;
				INFOPLIST_FILE = GestureGame/Info.plist;
				INFOPLIST_KEY_UIApplicationSupportsIndirectInputEvents = YES;
				INFOPLIST_KEY_UILaunchStoryboardName = LaunchScreen;
				INFOPLIST_KEY_UIMainStoryboardFile = Main;
				INFOPLIST_KEY_UISupportedInterfaceOrientations_iPad = "UIInterfaceOrientationPortrait UIInterfaceOrientationPortraitUpsideDown UIInterfaceOrientationLandscapeLeft UIInterfaceOrientationLandscapeRight";
				INFOPLIST_KEY_UISupportedInterfaceOrientations_iPhone = "UIInterfaceOrientationPortrait UIInterfaceOrientationLandscapeLeft UIInterfaceOrientationLandscapeRight";
				LD_RUNPATH_SEARCH_PATHS = (
					"$(inherited)",
					"@executable_path/Frameworks",
				);
				MARKETING_VERSION = 1.0;
				PRODUCT_BUNDLE_IDENTIFIER = "com.WalterMichael-HW9";
				PRODUCT_NAME = GestureGame;
				SWIFT_EMIT_LOC_STRINGS = YES;
				SWIFT_VERSION = 5.0;
				TARGETED_DEVICE_FAMILY = "1,2";
			};
			name = Debug;
		};
		C2DAD103273D068300C364B5 /* Release */ = {
			isa = XCBuildConfiguration;
			buildSettings = {
				ASSETCATALOG_COMPILER_APPICON_NAME = AppIcon;
				ASSETCATALOG_COMPILER_GLOBAL_ACCENT_COLOR_NAME = AccentColor;
				CODE_SIGN_STYLE = Automatic;
				CURRENT_PROJECT_VERSION = 1;
				DEVELOPMENT_TEAM = KGEF3EE3A9;
				GENERATE_INFOPLIST_FILE = YES;
				INFOPLIST_FILE = GestureGame/Info.plist;
				INFOPLIST_KEY_UIApplicationSupportsIndirectInputEvents = YES;
				INFOPLIST_KEY_UILaunchStoryboardName = LaunchScreen;
				INFOPLIST_KEY_UIMainStoryboardFile = Main;
				INFOPLIST_KEY_UISupportedInterfaceOrientations_iPad = "UIInterfaceOrientationPortrait UIInterfaceOrientationPortraitUpsideDown UIInterfaceOrientationLandscapeLeft UIInterfaceOrientationLandscapeRight";
				INFOPLIST_KEY_UISupportedInterfaceOrientations_iPhone = "UIInterfaceOrientationPortrait UIInterfaceOrientationLandscapeLeft UIInterfaceOrientationLandscapeRight";
				LD_RUNPATH_SEARCH_PATHS = (
					"$(inherited)",
					"@executable_path/Frameworks",
				);
				MARKETING_VERSION = 1.0;
				PRODUCT_BUNDLE_IDENTIFIER = "com.WalterMichael-HW9";
				PRODUCT_NAME = GestureGame;
				SWIFT_EMIT_LOC_STRINGS = YES;
				SWIFT_VERSION = 5.0;
				TARGETED_DEVICE_FAMILY = "1,2";
			};
			name = Release;
		};
		C2DAD105273D068300C364B5 /* Debug */ = {
			isa = XCBuildConfiguration;
			buildSettings = {
				ALWAYS_EMBED_SWIFT_STANDARD_LIBRARIES = YES;
				BUNDLE_LOADER = "$(TEST_HOST)";
				CODE_SIGN_STYLE = Automatic;
				CURRENT_PROJECT_VERSION = 1;
				DEVELOPMENT_TEAM = KGEF3EE3A9;
				GENERATE_INFOPLIST_FILE = YES;
				IPHONEOS_DEPLOYMENT_TARGET = 15.0;
				LD_RUNPATH_SEARCH_PATHS = (
					"$(inherited)",
					"@executable_path/Frameworks",
					"@loader_path/Frameworks",
				);
				MARKETING_VERSION = 1.0;
				PRODUCT_BUNDLE_IDENTIFIER = "com.WalterMichael-HW9Tests";
				PRODUCT_NAME = "$(TARGET_NAME)";
				SWIFT_EMIT_LOC_STRINGS = NO;
				SWIFT_VERSION = 5.0;
				TARGETED_DEVICE_FAMILY = "1,2";
				TEST_HOST = "$(BUILT_PRODUCTS_DIR)/GestureGame.app/GestureGame";
			};
			name = Debug;
		};
		C2DAD106273D068300C364B5 /* Release */ = {
			isa = XCBuildConfiguration;
			buildSettings = {
				ALWAYS_EMBED_SWIFT_STANDARD_LIBRARIES = YES;
				BUNDLE_LOADER = "$(TEST_HOST)";
				CODE_SIGN_STYLE = Automatic;
				CURRENT_PROJECT_VERSION = 1;
				DEVELOPMENT_TEAM = KGEF3EE3A9;
				GENERATE_INFOPLIST_FILE = YES;
				IPHONEOS_DEPLOYMENT_TARGET = 15.0;
				LD_RUNPATH_SEARCH_PATHS = (
					"$(inherited)",
					"@executable_path/Frameworks",
					"@loader_path/Frameworks",
				);
				MARKETING_VERSION = 1.0;
				PRODUCT_BUNDLE_IDENTIFIER = "com.WalterMichael-HW9Tests";
				PRODUCT_NAME = "$(TARGET_NAME)";
				SWIFT_EMIT_LOC_STRINGS = NO;
				SWIFT_VERSION = 5.0;
				TARGETED_DEVICE_FAMILY = "1,2";
				TEST_HOST = "$(BUILT_PRODUCTS_DIR)/GestureGame.app/GestureGame";
			};
			name = Release;
		};
		C2DAD108273D068300C364B5 /* Debug */ = {
			isa = XCBuildConfiguration;
			buildSettings = {
				ALWAYS_EMBED_SWIFT_STANDARD_LIBRARIES = YES;
				CODE_SIGN_STYLE = Automatic;
				CURRENT_PROJECT_VERSION = 1;
				DEVELOPMENT_TEAM = KGEF3EE3A9;
				GENERATE_INFOPLIST_FILE = YES;
				LD_RUNPATH_SEARCH_PATHS = (
					"$(inherited)",
					"@executable_path/Frameworks",
					"@loader_path/Frameworks",
				);
				MARKETING_VERSION = 1.0;
				PRODUCT_BUNDLE_IDENTIFIER = "com.WalterMichael-HW9UITests";
				PRODUCT_NAME = "$(TARGET_NAME)";
				SWIFT_EMIT_LOC_STRINGS = NO;
				SWIFT_VERSION = 5.0;
				TARGETED_DEVICE_FAMILY = "1,2";
				TEST_TARGET_NAME = "WalterMichael-HW9";
			};
			name = Debug;
		};
		C2DAD109273D068300C364B5 /* Release */ = {
			isa = XCBuildConfiguration;
			buildSettings = {
				ALWAYS_EMBED_SWIFT_STANDARD_LIBRARIES = YES;
				CODE_SIGN_STYLE = Automatic;
				CURRENT_PROJECT_VERSION = 1;
				DEVELOPMENT_TEAM = KGEF3EE3A9;
				GENERATE_INFOPLIST_FILE = YES;
				LD_RUNPATH_SEARCH_PATHS = (
					"$(inherited)",
					"@executable_path/Frameworks",
					"@loader_path/Frameworks",
				);
				MARKETING_VERSION = 1.0;
				PRODUCT_BUNDLE_IDENTIFIER = "com.WalterMichael-HW9UITests";
				PRODUCT_NAME = "$(TARGET_NAME)";
				SWIFT_EMIT_LOC_STRINGS = NO;
				SWIFT_VERSION = 5.0;
				TARGETED_DEVICE_FAMILY = "1,2";
				TEST_TARGET_NAME = "WalterMichael-HW9";
			};
			name = Release;
		};
/* End XCBuildConfiguration section */

/* Begin XCConfigurationList section */
		C2DAD0D2273D068000C364B5 /* Build configuration list for PBXProject "GestureGame" */ = {
			isa = XCConfigurationList;
			buildConfigurations = (
				C2DAD0FF273D068300C364B5 /* Debug */,
				C2DAD100273D068300C364B5 /* Release */,
			);
			defaultConfigurationIsVisible = 0;
			defaultConfigurationName = Release;
		};
		C2DAD101273D068300C364B5 /* Build configuration list for PBXNativeTarget "GestureGame" */ = {
			isa = XCConfigurationList;
			buildConfigurations = (
				C2DAD102273D068300C364B5 /* Debug */,
				C2DAD103273D068300C364B5 /* Release */,
			);
			defaultConfigurationIsVisible = 0;
			defaultConfigurationName = Release;
		};
		C2DAD104273D068300C364B5 /* Build configuration list for PBXNativeTarget "GestureGameTests" */ = {
			isa = XCConfigurationList;
			buildConfigurations = (
				C2DAD105273D068300C364B5 /* Debug */,
				C2DAD106273D068300C364B5 /* Release */,
			);
			defaultConfigurationIsVisible = 0;
			defaultConfigurationName = Release;
		};
		C2DAD107273D068300C364B5 /* Build configuration list for PBXNativeTarget "GestureGameUITests" */ = {
			isa = XCConfigurationList;
			buildConfigurations = (
				C2DAD108273D068300C364B5 /* Debug */,
				C2DAD109273D068300C364B5 /* Release */,
			);
			defaultConfigurationIsVisible = 0;
			defaultConfigurationName = Release;
		};
/* End XCConfigurationList section */
	};
	rootObject = C2DAD0CF273D068000C364B5 /* Project object */;
}
